
Microsoft Visual Studio Solution File, Format Version 12.00
# Visual Studio Version 17
VisualStudioVersion = 17.0.32112.339
MinimumVisualStudioVersion = 10.0.40219.1
Project("{FAE04EC0-301F-11D3-BF4B-00C04F79EFBC}") = "Notebooks", "Notebooks\Notebooks.csproj", "{D3F531C4-A7F1-4166-A61C-6099828484E8}"
EndProject
Global
	GlobalSection(SolutionConfigurationPlatforms) = preSolution
		Debug|Any CPU = Debug|Any CPU
		Release|Any CPU = Release|Any CPU
	EndGlobalSection
	GlobalSection(ProjectConfigurationPlatforms) = postSolution
		{D3F531C4-A7F1-4166-A61C-6099828484E8}.Debug|Any CPU.ActiveCfg = Debug|Any CPU
		{D3F531C4-A7F1-4166-A61C-6099828484E8}.Debug|Any CPU.Build.0 = Debug|Any CPU
		{D3F531C4-A7F1-4166-A61C-6099828484E8}.Release|Any CPU.ActiveCfg = Release|Any CPU
		{D3F531C4-A7F1-4166-A61C-6099828484E8}.Release|Any CPU.Build.0 = Release|Any CPU
	EndGlobalSection
	GlobalSection(SolutionProperties) = preSolution
		HideSolutionNode = FALSE
	EndGlobalSection
	GlobalSection(ExtensibilityGlobals) = postSolution
		SolutionGuid = {EA832261-5E69-482C-A1A7-472DCBDB1321}
	EndGlobalSection
EndGlobal
