
Microsoft Visual Studio Solution File, Format Version 12.00
# Visual Studio Version 17
VisualStudioVersion = 17.0.32112.339
MinimumVisualStudioVersion = 10.0.40219.1
Project("{FAE04EC0-301F-11D3-BF4B-00C04F79EFBC}") = "SumNumbersInList", "SumNumbersInList\SumNumbersInList.csproj", "{BE16B64D-C083-4734-BC5E-28F00340C1EA}"
EndProject
Global
	GlobalSection(SolutionConfigurationPlatforms) = preSolution
		Debug|Any CPU = Debug|Any CPU
		Release|Any CPU = Release|Any CPU
	EndGlobalSection
	GlobalSection(ProjectConfigurationPlatforms) = postSolution
		{BE16B64D-C083-4734-BC5E-28F00340C1EA}.Debug|Any CPU.ActiveCfg = Debug|Any CPU
		{BE16B64D-C083-4734-BC5E-28F00340C1EA}.Debug|Any CPU.Build.0 = Debug|Any CPU
		{BE16B64D-C083-4734-BC5E-28F00340C1EA}.Release|Any CPU.ActiveCfg = Release|Any CPU
		{BE16B64D-C083-4734-BC5E-28F00340C1EA}.Release|Any CPU.Build.0 = Release|Any CPU
	EndGlobalSection
	GlobalSection(SolutionProperties) = preSolution
		HideSolutionNode = FALSE
	EndGlobalSection
	GlobalSection(ExtensibilityGlobals) = postSolution
		SolutionGuid = {BF9E2B0B-9FD9-4C92-9A62-2633D039AF83}
	EndGlobalSection
EndGlobal
