
Microsoft Visual Studio Solution File, Format Version 12.00
# Visual Studio Version 17
VisualStudioVersion = 17.0.32112.339
MinimumVisualStudioVersion = 10.0.40219.1
Project("{FAE04EC0-301F-11D3-BF4B-00C04F79EFBC}") = "Supermarket", "Supermarket\Supermarket.csproj", "{A96C4269-37ED-4E98-A752-646187B738B8}"
EndProject
Global
	GlobalSection(SolutionConfigurationPlatforms) = preSolution
		Debug|Any CPU = Debug|Any CPU
		Release|Any CPU = Release|Any CPU
	EndGlobalSection
	GlobalSection(ProjectConfigurationPlatforms) = postSolution
		{A96C4269-37ED-4E98-A752-646187B738B8}.Debug|Any CPU.ActiveCfg = Debug|Any CPU
		{A96C4269-37ED-4E98-A752-646187B738B8}.Debug|Any CPU.Build.0 = Debug|Any CPU
		{A96C4269-37ED-4E98-A752-646187B738B8}.Release|Any CPU.ActiveCfg = Release|Any CPU
		{A96C4269-37ED-4E98-A752-646187B738B8}.Release|Any CPU.Build.0 = Release|Any CPU
	EndGlobalSection
	GlobalSection(SolutionProperties) = preSolution
		HideSolutionNode = FALSE
	EndGlobalSection
	GlobalSection(ExtensibilityGlobals) = postSolution
		SolutionGuid = {FE1BF320-0970-4D77-BFC7-8A362218D3C1}
	EndGlobalSection
EndGlobal
