
Microsoft Visual Studio Solution File, Format Version 12.00
# Visual Studio Version 17
VisualStudioVersion = 17.0.32112.339
MinimumVisualStudioVersion = 10.0.40219.1
Project("{FAE04EC0-301F-11D3-BF4B-00C04F79EFBC}") = "SquarePerimeter", "SquarePerimeter\SquarePerimeter.csproj", "{8D1A7E34-B8D6-4F81-B3E3-B22C89D7430B}"
EndProject
Global
	GlobalSection(SolutionConfigurationPlatforms) = preSolution
		Debug|Any CPU = Debug|Any CPU
		Release|Any CPU = Release|Any CPU
	EndGlobalSection
	GlobalSection(ProjectConfigurationPlatforms) = postSolution
		{8D1A7E34-B8D6-4F81-B3E3-B22C89D7430B}.Debug|Any CPU.ActiveCfg = Debug|Any CPU
		{8D1A7E34-B8D6-4F81-B3E3-B22C89D7430B}.Debug|Any CPU.Build.0 = Debug|Any CPU
		{8D1A7E34-B8D6-4F81-B3E3-B22C89D7430B}.Release|Any CPU.ActiveCfg = Release|Any CPU
		{8D1A7E34-B8D6-4F81-B3E3-B22C89D7430B}.Release|Any CPU.Build.0 = Release|Any CPU
	EndGlobalSection
	GlobalSection(SolutionProperties) = preSolution
		HideSolutionNode = FALSE
	EndGlobalSection
	GlobalSection(ExtensibilityGlobals) = postSolution
		SolutionGuid = {19EFCE25-FAD1-42DC-84E0-26EC22A1C074}
	EndGlobalSection
EndGlobal
