
Microsoft Visual Studio Solution File, Format Version 12.00
# Visual Studio Version 17
VisualStudioVersion = 17.0.32112.339
MinimumVisualStudioVersion = 10.0.40219.1
Project("{FAE04EC0-301F-11D3-BF4B-00C04F79EFBC}") = "Promotions", "Promotions\Promotions.csproj", "{55C29C06-6D0C-4971-98A6-9BB2F884AABF}"
EndProject
Global
	GlobalSection(SolutionConfigurationPlatforms) = preSolution
		Debug|Any CPU = Debug|Any CPU
		Release|Any CPU = Release|Any CPU
	EndGlobalSection
	GlobalSection(ProjectConfigurationPlatforms) = postSolution
		{55C29C06-6D0C-4971-98A6-9BB2F884AABF}.Debug|Any CPU.ActiveCfg = Debug|Any CPU
		{55C29C06-6D0C-4971-98A6-9BB2F884AABF}.Debug|Any CPU.Build.0 = Debug|Any CPU
		{55C29C06-6D0C-4971-98A6-9BB2F884AABF}.Release|Any CPU.ActiveCfg = Release|Any CPU
		{55C29C06-6D0C-4971-98A6-9BB2F884AABF}.Release|Any CPU.Build.0 = Release|Any CPU
	EndGlobalSection
	GlobalSection(SolutionProperties) = preSolution
		HideSolutionNode = FALSE
	EndGlobalSection
	GlobalSection(ExtensibilityGlobals) = postSolution
		SolutionGuid = {5833D1C3-836A-4875-94AB-D2B2861BFAF7}
	EndGlobalSection
EndGlobal
