
Microsoft Visual Studio Solution File, Format Version 12.00
# Visual Studio Version 17
VisualStudioVersion = 17.0.32112.339
MinimumVisualStudioVersion = 10.0.40219.1
Project("{FAE04EC0-301F-11D3-BF4B-00C04F79EFBC}") = "01. Point", "01. Point\01. Point.csproj", "{A90A2978-AE52-48BC-8921-AC7E66545288}"
EndProject
Global
	GlobalSection(SolutionConfigurationPlatforms) = preSolution
		Debug|Any CPU = Debug|Any CPU
		Release|Any CPU = Release|Any CPU
	EndGlobalSection
	GlobalSection(ProjectConfigurationPlatforms) = postSolution
		{A90A2978-AE52-48BC-8921-AC7E66545288}.Debug|Any CPU.ActiveCfg = Debug|Any CPU
		{A90A2978-AE52-48BC-8921-AC7E66545288}.Debug|Any CPU.Build.0 = Debug|Any CPU
		{A90A2978-AE52-48BC-8921-AC7E66545288}.Release|Any CPU.ActiveCfg = Release|Any CPU
		{A90A2978-AE52-48BC-8921-AC7E66545288}.Release|Any CPU.Build.0 = Release|Any CPU
	EndGlobalSection
	GlobalSection(SolutionProperties) = preSolution
		HideSolutionNode = FALSE
	EndGlobalSection
	GlobalSection(ExtensibilityGlobals) = postSolution
		SolutionGuid = {5ADFFC45-ACF9-4898-A067-EFC3349859C1}
	EndGlobalSection
EndGlobal
