
Microsoft Visual Studio Solution File, Format Version 12.00
# Visual Studio Version 17
VisualStudioVersion = 17.0.32112.339
MinimumVisualStudioVersion = 10.0.40219.1
Project("{FAE04EC0-301F-11D3-BF4B-00C04F79EFBC}") = "TransferArray", "TransferArray\TransferArray.csproj", "{8063ECE9-C023-4865-8EF2-437C7DC6C710}"
EndProject
Global
	GlobalSection(SolutionConfigurationPlatforms) = preSolution
		Debug|Any CPU = Debug|Any CPU
		Release|Any CPU = Release|Any CPU
	EndGlobalSection
	GlobalSection(ProjectConfigurationPlatforms) = postSolution
		{8063ECE9-C023-4865-8EF2-437C7DC6C710}.Debug|Any CPU.ActiveCfg = Debug|Any CPU
		{8063ECE9-C023-4865-8EF2-437C7DC6C710}.Debug|Any CPU.Build.0 = Debug|Any CPU
		{8063ECE9-C023-4865-8EF2-437C7DC6C710}.Release|Any CPU.ActiveCfg = Release|Any CPU
		{8063ECE9-C023-4865-8EF2-437C7DC6C710}.Release|Any CPU.Build.0 = Release|Any CPU
	EndGlobalSection
	GlobalSection(SolutionProperties) = preSolution
		HideSolutionNode = FALSE
	EndGlobalSection
	GlobalSection(ExtensibilityGlobals) = postSolution
		SolutionGuid = {E94AF43C-01E9-451A-A593-304C91E6BBE2}
	EndGlobalSection
EndGlobal
