
Microsoft Visual Studio Solution File, Format Version 12.00
# Visual Studio Version 17
VisualStudioVersion = 17.0.32112.339
MinimumVisualStudioVersion = 10.0.40219.1
Project("{FAE04EC0-301F-11D3-BF4B-00C04F79EFBC}") = "Products", "Products\Products.csproj", "{62671E35-4C21-4468-8982-93133F50FAC1}"
EndProject
Global
	GlobalSection(SolutionConfigurationPlatforms) = preSolution
		Debug|Any CPU = Debug|Any CPU
		Release|Any CPU = Release|Any CPU
	EndGlobalSection
	GlobalSection(ProjectConfigurationPlatforms) = postSolution
		{62671E35-4C21-4468-8982-93133F50FAC1}.Debug|Any CPU.ActiveCfg = Debug|Any CPU
		{62671E35-4C21-4468-8982-93133F50FAC1}.Debug|Any CPU.Build.0 = Debug|Any CPU
		{62671E35-4C21-4468-8982-93133F50FAC1}.Release|Any CPU.ActiveCfg = Release|Any CPU
		{62671E35-4C21-4468-8982-93133F50FAC1}.Release|Any CPU.Build.0 = Release|Any CPU
	EndGlobalSection
	GlobalSection(SolutionProperties) = preSolution
		HideSolutionNode = FALSE
	EndGlobalSection
	GlobalSection(ExtensibilityGlobals) = postSolution
		SolutionGuid = {E5ED603C-3A34-4956-B410-855F559B9667}
	EndGlobalSection
EndGlobal
