
Microsoft Visual Studio Solution File, Format Version 12.00
# Visual Studio Version 17
VisualStudioVersion = 17.0.32112.339
MinimumVisualStudioVersion = 10.0.40219.1
Project("{FAE04EC0-301F-11D3-BF4B-00C04F79EFBC}") = "RestaurantDishes", "RestaurantDishes\RestaurantDishes.csproj", "{6F72D23A-70E7-4254-B07A-2D6F7FF182C3}"
EndProject
Global
	GlobalSection(SolutionConfigurationPlatforms) = preSolution
		Debug|Any CPU = Debug|Any CPU
		Release|Any CPU = Release|Any CPU
	EndGlobalSection
	GlobalSection(ProjectConfigurationPlatforms) = postSolution
		{6F72D23A-70E7-4254-B07A-2D6F7FF182C3}.Debug|Any CPU.ActiveCfg = Debug|Any CPU
		{6F72D23A-70E7-4254-B07A-2D6F7FF182C3}.Debug|Any CPU.Build.0 = Debug|Any CPU
		{6F72D23A-70E7-4254-B07A-2D6F7FF182C3}.Release|Any CPU.ActiveCfg = Release|Any CPU
		{6F72D23A-70E7-4254-B07A-2D6F7FF182C3}.Release|Any CPU.Build.0 = Release|Any CPU
	EndGlobalSection
	GlobalSection(SolutionProperties) = preSolution
		HideSolutionNode = FALSE
	EndGlobalSection
	GlobalSection(ExtensibilityGlobals) = postSolution
		SolutionGuid = {AEF656DE-6E58-493E-936E-139FF682C388}
	EndGlobalSection
EndGlobal
