
Microsoft Visual Studio Solution File, Format Version 12.00
# Visual Studio Version 17
VisualStudioVersion = 17.0.32112.339
MinimumVisualStudioVersion = 10.0.40219.1
Project("{FAE04EC0-301F-11D3-BF4B-00C04F79EFBC}") = "Listings", "Listings\Listings.csproj", "{B7D2DF21-0FD2-4602-82F3-FF059087AFB5}"
EndProject
Global
	GlobalSection(SolutionConfigurationPlatforms) = preSolution
		Debug|Any CPU = Debug|Any CPU
		Release|Any CPU = Release|Any CPU
	EndGlobalSection
	GlobalSection(ProjectConfigurationPlatforms) = postSolution
		{B7D2DF21-0FD2-4602-82F3-FF059087AFB5}.Debug|Any CPU.ActiveCfg = Debug|Any CPU
		{B7D2DF21-0FD2-4602-82F3-FF059087AFB5}.Debug|Any CPU.Build.0 = Debug|Any CPU
		{B7D2DF21-0FD2-4602-82F3-FF059087AFB5}.Release|Any CPU.ActiveCfg = Release|Any CPU
		{B7D2DF21-0FD2-4602-82F3-FF059087AFB5}.Release|Any CPU.Build.0 = Release|Any CPU
	EndGlobalSection
	GlobalSection(SolutionProperties) = preSolution
		HideSolutionNode = FALSE
	EndGlobalSection
	GlobalSection(ExtensibilityGlobals) = postSolution
		SolutionGuid = {F6047DAF-1884-431D-B736-375157A8EB56}
	EndGlobalSection
EndGlobal
