
Microsoft Visual Studio Solution File, Format Version 12.00
# Visual Studio Version 17
VisualStudioVersion = 17.0.32112.339
MinimumVisualStudioVersion = 10.0.40219.1
Project("{FAE04EC0-301F-11D3-BF4B-00C04F79EFBC}") = "PhoneBook", "PhoneBook\PhoneBook.csproj", "{A070A895-FB76-43B7-AE8D-DBABBDF8DD41}"
EndProject
Global
	GlobalSection(SolutionConfigurationPlatforms) = preSolution
		Debug|Any CPU = Debug|Any CPU
		Release|Any CPU = Release|Any CPU
	EndGlobalSection
	GlobalSection(ProjectConfigurationPlatforms) = postSolution
		{A070A895-FB76-43B7-AE8D-DBABBDF8DD41}.Debug|Any CPU.ActiveCfg = Debug|Any CPU
		{A070A895-FB76-43B7-AE8D-DBABBDF8DD41}.Debug|Any CPU.Build.0 = Debug|Any CPU
		{A070A895-FB76-43B7-AE8D-DBABBDF8DD41}.Release|Any CPU.ActiveCfg = Release|Any CPU
		{A070A895-FB76-43B7-AE8D-DBABBDF8DD41}.Release|Any CPU.Build.0 = Release|Any CPU
	EndGlobalSection
	GlobalSection(SolutionProperties) = preSolution
		HideSolutionNode = FALSE
	EndGlobalSection
	GlobalSection(ExtensibilityGlobals) = postSolution
		SolutionGuid = {CDCF8207-1054-4E3B-83DB-E96A0C60EBF7}
	EndGlobalSection
EndGlobal
