
Microsoft Visual Studio Solution File, Format Version 12.00
# Visual Studio Version 17
VisualStudioVersion = 17.0.32112.339
MinimumVisualStudioVersion = 10.0.40219.1
Project("{FAE04EC0-301F-11D3-BF4B-00C04F79EFBC}") = "ListCommands", "ListCommands\ListCommands.csproj", "{E9D7802F-D81B-43F5-9B8D-9C73951D75E0}"
EndProject
Global
	GlobalSection(SolutionConfigurationPlatforms) = preSolution
		Debug|Any CPU = Debug|Any CPU
		Release|Any CPU = Release|Any CPU
	EndGlobalSection
	GlobalSection(ProjectConfigurationPlatforms) = postSolution
		{E9D7802F-D81B-43F5-9B8D-9C73951D75E0}.Debug|Any CPU.ActiveCfg = Debug|Any CPU
		{E9D7802F-D81B-43F5-9B8D-9C73951D75E0}.Debug|Any CPU.Build.0 = Debug|Any CPU
		{E9D7802F-D81B-43F5-9B8D-9C73951D75E0}.Release|Any CPU.ActiveCfg = Release|Any CPU
		{E9D7802F-D81B-43F5-9B8D-9C73951D75E0}.Release|Any CPU.Build.0 = Release|Any CPU
	EndGlobalSection
	GlobalSection(SolutionProperties) = preSolution
		HideSolutionNode = FALSE
	EndGlobalSection
	GlobalSection(ExtensibilityGlobals) = postSolution
		SolutionGuid = {8EC30B82-54AF-485E-97A5-596756A12BE2}
	EndGlobalSection
EndGlobal
