
Microsoft Visual Studio Solution File, Format Version 12.00
# Visual Studio Version 17
VisualStudioVersion = 17.0.32112.339
MinimumVisualStudioVersion = 10.0.40219.1
Project("{FAE04EC0-301F-11D3-BF4B-00C04F79EFBC}") = "Smartphones", "Smartphones\Smartphones.csproj", "{10A06603-35FF-46AE-9359-D8FEC6987FDD}"
EndProject
Global
	GlobalSection(SolutionConfigurationPlatforms) = preSolution
		Debug|Any CPU = Debug|Any CPU
		Release|Any CPU = Release|Any CPU
	EndGlobalSection
	GlobalSection(ProjectConfigurationPlatforms) = postSolution
		{10A06603-35FF-46AE-9359-D8FEC6987FDD}.Debug|Any CPU.ActiveCfg = Debug|Any CPU
		{10A06603-35FF-46AE-9359-D8FEC6987FDD}.Debug|Any CPU.Build.0 = Debug|Any CPU
		{10A06603-35FF-46AE-9359-D8FEC6987FDD}.Release|Any CPU.ActiveCfg = Release|Any CPU
		{10A06603-35FF-46AE-9359-D8FEC6987FDD}.Release|Any CPU.Build.0 = Release|Any CPU
	EndGlobalSection
	GlobalSection(SolutionProperties) = preSolution
		HideSolutionNode = FALSE
	EndGlobalSection
	GlobalSection(ExtensibilityGlobals) = postSolution
		SolutionGuid = {86F89F3E-90AE-4BED-9083-E41AFCDF605E}
	EndGlobalSection
EndGlobal
